PODS:
  - GCDWebServer (3.2.7):
    - GCDWebServer/Core (= 3.2.7)
  - GCDWebServer/Core (3.2.7)
  - Nimble (3.0.0)
  - Quick (0.8.0)
  - SMHTTPClient (0.1.0)

DEPENDENCIES:
  - GCDWebServer
  - Nimble
  - Quick
  - SMHTTPClient (from `../`)

EXTERNAL SOURCES:
  SMHTTPClient:
    :path: "../"

SPEC CHECKSUMS:
  GCDWebServer: 76a9540371d5f12f850b32ec7f555dd2d266e543
  Nimble: 4c353d43735b38b545cbb4cb91504588eb5de926
  Quick: 563d0f6ec5f72e394645adb377708639b7dd38ab
  SMHTTPClient: 945e965dd8dac714300e19a4e7a35ba363fc2aad

COCOAPODS: 0.39.0
